
Microsoft Visual Studio Solution File, Format Version 12.00
# Visual Studio Version 17
VisualStudioVersion = 17.13.36105.23
MinimumVisualStudioVersion = 10.0.40219.1
Project("{FAE04EC0-301F-11D3-BF4B-00C04F79EFBC}") = "UI", "UI\UI.csproj", "{C61254DB-2364-45AF-B4C4-D56B2E18F47F}"
EndProject
Project("{FAE04EC0-301F-11D3-BF4B-00C04F79EFBC}") = "Core.Tests", "Core.Tests\Core.Tests.csproj", "{669E6EF9-E385-4E8E-B1DD-8705A06A7549}"
EndProject
Project("{FAE04EC0-301F-11D3-BF4B-00C04F79EFBC}") = "Core", "Core\Core.csproj", "{7734C508-0731-4847-B0E7-A762E2050BAC}"
EndProject
Project("{FAE04EC0-301F-11D3-BF4B-00C04F79EFBC}") = "Infrastructure", "Infrastructure\Infrastructure.csproj", "{050090F5-40FD-4E8C-B200-1956EF55FCED}"
EndProject
Project("{2150E333-8FDC-42A3-9474-1A3956D46DE8}") = "Tests", "Tests", "{02EA681E-C7D8-13C7-8484-4AC65E1B71E8}"
EndProject
Project("{FAE04EC0-301F-11D3-BF4B-00C04F79EFBC}") = "Infrastructure.Tests", "Infrastructure.Tests\Infrastructure.Tests.csproj", "{A2232927-064F-4144-ADF8-AC7EEAFB97B6}"
EndProject
Global
	GlobalSection(SolutionConfigurationPlatforms) = preSolution
		Debug|Any CPU = Debug|Any CPU
		Release|Any CPU = Release|Any CPU
	EndGlobalSection
	GlobalSection(ProjectConfigurationPlatforms) = postSolution
		{C61254DB-2364-45AF-B4C4-D56B2E18F47F}.Debug|Any CPU.ActiveCfg = Debug|Any CPU
		{C61254DB-2364-45AF-B4C4-D56B2E18F47F}.Debug|Any CPU.Build.0 = Debug|Any CPU
		{C61254DB-2364-45AF-B4C4-D56B2E18F47F}.Release|Any CPU.ActiveCfg = Release|Any CPU
		{C61254DB-2364-45AF-B4C4-D56B2E18F47F}.Release|Any CPU.Build.0 = Release|Any CPU
		{669E6EF9-E385-4E8E-B1DD-8705A06A7549}.Debug|Any CPU.ActiveCfg = Debug|Any CPU
		{669E6EF9-E385-4E8E-B1DD-8705A06A7549}.Debug|Any CPU.Build.0 = Debug|Any CPU
		{669E6EF9-E385-4E8E-B1DD-8705A06A7549}.Release|Any CPU.ActiveCfg = Release|Any CPU
		{669E6EF9-E385-4E8E-B1DD-8705A06A7549}.Release|Any CPU.Build.0 = Release|Any CPU
		{7734C508-0731-4847-B0E7-A762E2050BAC}.Debug|Any CPU.ActiveCfg = Debug|Any CPU
		{7734C508-0731-4847-B0E7-A762E2050BAC}.Debug|Any CPU.Build.0 = Debug|Any CPU
		{7734C508-0731-4847-B0E7-A762E2050BAC}.Release|Any CPU.ActiveCfg = Release|Any CPU
		{7734C508-0731-4847-B0E7-A762E2050BAC}.Release|Any CPU.Build.0 = Release|Any CPU
		{050090F5-40FD-4E8C-B200-1956EF55FCED}.Debug|Any CPU.ActiveCfg = Debug|Any CPU
		{050090F5-40FD-4E8C-B200-1956EF55FCED}.Debug|Any CPU.Build.0 = Debug|Any CPU
		{050090F5-40FD-4E8C-B200-1956EF55FCED}.Release|Any CPU.ActiveCfg = Release|Any CPU
		{050090F5-40FD-4E8C-B200-1956EF55FCED}.Release|Any CPU.Build.0 = Release|Any CPU
		{A2232927-064F-4144-ADF8-AC7EEAFB97B6}.Debug|Any CPU.ActiveCfg = Debug|Any CPU
		{A2232927-064F-4144-ADF8-AC7EEAFB97B6}.Debug|Any CPU.Build.0 = Debug|Any CPU
		{A2232927-064F-4144-ADF8-AC7EEAFB97B6}.Release|Any CPU.ActiveCfg = Release|Any CPU
		{A2232927-064F-4144-ADF8-AC7EEAFB97B6}.Release|Any CPU.Build.0 = Release|Any CPU
	EndGlobalSection
	GlobalSection(SolutionProperties) = preSolution
		HideSolutionNode = FALSE
	EndGlobalSection
	GlobalSection(NestedProjects) = preSolution
		{669E6EF9-E385-4E8E-B1DD-8705A06A7549} = {02EA681E-C7D8-13C7-8484-4AC65E1B71E8}
		{A2232927-064F-4144-ADF8-AC7EEAFB97B6} = {02EA681E-C7D8-13C7-8484-4AC65E1B71E8}
	EndGlobalSection
	GlobalSection(ExtensibilityGlobals) = postSolution
		SolutionGuid = {141601B1-5AD7-45F8-A848-9A7DBF5A6738}
	EndGlobalSection
EndGlobal
